
Microsoft Visual Studio Solution File, Format Version 12.00
# Visual Studio Version 17
VisualStudioVersion = 17.2.32602.215
MinimumVisualStudioVersion = 10.0.40219.1
Project("{9A19103F-16F7-4668-BE54-9A1E7A4F7556}") = "Factory", "Factory\Factory.csproj", "{397C45C6-2193-45C6-A558-9B433E4FC885}"
EndProject
Project("{9A19103F-16F7-4668-BE54-9A1E7A4F7556}") = "Flyweight", "Flyweight\Flyweight.csproj", "{EAE8ADC9-7434-4EEB-90C1-F91FB9CC89A6}"
EndProject
Project("{9A19103F-16F7-4668-BE54-9A1E7A4F7556}") = "Memento", "Memento\Memento.csproj", "{AD2B8C8B-147E-4997-A761-DB21A145C6B1}"
EndProject
Project("{9A19103F-16F7-4668-BE54-9A1E7A4F7556}") = "Interpreter", "Interpreter\Interpreter.csproj", "{54078C33-540B-42A6-A147-79AC027E0D4C}"
EndProject
Project("{9A19103F-16F7-4668-BE54-9A1E7A4F7556}") = "Visitor", "Visitor\Visitor.csproj", "{81FF84FF-89A9-423C-8B82-DC4469AA031B}"
EndProject
Project("{9A19103F-16F7-4668-BE54-9A1E7A4F7556}") = "Bridges", "Bridges\Bridges.csproj", "{C5760ECC-539D-41F1-A3A7-3195C4E4C2E2}"
EndProject
Project("{9A19103F-16F7-4668-BE54-9A1E7A4F7556}") = "Command", "Command\Command.csproj", "{60B991C2-8BEB-41D4-989C-1968966DE179}"
EndProject
Project("{9A19103F-16F7-4668-BE54-9A1E7A4F7556}") = "Adapter", "Adapter\Adapter.csproj", "{E5295C15-B1AF-4CF2-A32D-83A66B180A1B}"
EndProject
Project("{FAE04EC0-301F-11D3-BF4B-00C04F79EFBC}") = "FacadeAndSingleton", "FacadeAndSingleton\FacadeAndSingleton.csproj", "{F2FE5243-F6B8-4618-A021-26D0870BB97E}"
EndProject
Global
	GlobalSection(SolutionConfigurationPlatforms) = preSolution
		Debug|Any CPU = Debug|Any CPU
		Release|Any CPU = Release|Any CPU
	EndGlobalSection
	GlobalSection(ProjectConfigurationPlatforms) = postSolution
		{397C45C6-2193-45C6-A558-9B433E4FC885}.Debug|Any CPU.ActiveCfg = Debug|Any CPU
		{397C45C6-2193-45C6-A558-9B433E4FC885}.Debug|Any CPU.Build.0 = Debug|Any CPU
		{397C45C6-2193-45C6-A558-9B433E4FC885}.Release|Any CPU.ActiveCfg = Release|Any CPU
		{397C45C6-2193-45C6-A558-9B433E4FC885}.Release|Any CPU.Build.0 = Release|Any CPU
		{EAE8ADC9-7434-4EEB-90C1-F91FB9CC89A6}.Debug|Any CPU.ActiveCfg = Debug|Any CPU
		{EAE8ADC9-7434-4EEB-90C1-F91FB9CC89A6}.Debug|Any CPU.Build.0 = Debug|Any CPU
		{EAE8ADC9-7434-4EEB-90C1-F91FB9CC89A6}.Release|Any CPU.ActiveCfg = Release|Any CPU
		{EAE8ADC9-7434-4EEB-90C1-F91FB9CC89A6}.Release|Any CPU.Build.0 = Release|Any CPU
		{AD2B8C8B-147E-4997-A761-DB21A145C6B1}.Debug|Any CPU.ActiveCfg = Debug|Any CPU
		{AD2B8C8B-147E-4997-A761-DB21A145C6B1}.Debug|Any CPU.Build.0 = Debug|Any CPU
		{AD2B8C8B-147E-4997-A761-DB21A145C6B1}.Release|Any CPU.ActiveCfg = Release|Any CPU
		{AD2B8C8B-147E-4997-A761-DB21A145C6B1}.Release|Any CPU.Build.0 = Release|Any CPU
		{54078C33-540B-42A6-A147-79AC027E0D4C}.Debug|Any CPU.ActiveCfg = Debug|Any CPU
		{54078C33-540B-42A6-A147-79AC027E0D4C}.Debug|Any CPU.Build.0 = Debug|Any CPU
		{54078C33-540B-42A6-A147-79AC027E0D4C}.Release|Any CPU.ActiveCfg = Release|Any CPU
		{54078C33-540B-42A6-A147-79AC027E0D4C}.Release|Any CPU.Build.0 = Release|Any CPU
		{81FF84FF-89A9-423C-8B82-DC4469AA031B}.Debug|Any CPU.ActiveCfg = Debug|Any CPU
		{81FF84FF-89A9-423C-8B82-DC4469AA031B}.Debug|Any CPU.Build.0 = Debug|Any CPU
		{81FF84FF-89A9-423C-8B82-DC4469AA031B}.Release|Any CPU.ActiveCfg = Release|Any CPU
		{81FF84FF-89A9-423C-8B82-DC4469AA031B}.Release|Any CPU.Build.0 = Release|Any CPU
		{C5760ECC-539D-41F1-A3A7-3195C4E4C2E2}.Debug|Any CPU.ActiveCfg = Debug|Any CPU
		{C5760ECC-539D-41F1-A3A7-3195C4E4C2E2}.Debug|Any CPU.Build.0 = Debug|Any CPU
		{C5760ECC-539D-41F1-A3A7-3195C4E4C2E2}.Release|Any CPU.ActiveCfg = Release|Any CPU
		{C5760ECC-539D-41F1-A3A7-3195C4E4C2E2}.Release|Any CPU.Build.0 = Release|Any CPU
		{60B991C2-8BEB-41D4-989C-1968966DE179}.Debug|Any CPU.ActiveCfg = Debug|Any CPU
		{60B991C2-8BEB-41D4-989C-1968966DE179}.Debug|Any CPU.Build.0 = Debug|Any CPU
		{60B991C2-8BEB-41D4-989C-1968966DE179}.Release|Any CPU.ActiveCfg = Release|Any CPU
		{60B991C2-8BEB-41D4-989C-1968966DE179}.Release|Any CPU.Build.0 = Release|Any CPU
		{E5295C15-B1AF-4CF2-A32D-83A66B180A1B}.Debug|Any CPU.ActiveCfg = Debug|Any CPU
		{E5295C15-B1AF-4CF2-A32D-83A66B180A1B}.Debug|Any CPU.Build.0 = Debug|Any CPU
		{E5295C15-B1AF-4CF2-A32D-83A66B180A1B}.Release|Any CPU.ActiveCfg = Release|Any CPU
		{E5295C15-B1AF-4CF2-A32D-83A66B180A1B}.Release|Any CPU.Build.0 = Release|Any CPU
		{F2FE5243-F6B8-4618-A021-26D0870BB97E}.Debug|Any CPU.ActiveCfg = Debug|Any CPU
		{F2FE5243-F6B8-4618-A021-26D0870BB97E}.Debug|Any CPU.Build.0 = Debug|Any CPU
		{F2FE5243-F6B8-4618-A021-26D0870BB97E}.Release|Any CPU.ActiveCfg = Release|Any CPU
		{F2FE5243-F6B8-4618-A021-26D0870BB97E}.Release|Any CPU.Build.0 = Release|Any CPU
	EndGlobalSection
	GlobalSection(SolutionProperties) = preSolution
		HideSolutionNode = FALSE
	EndGlobalSection
	GlobalSection(ExtensibilityGlobals) = postSolution
		SolutionGuid = {B719D7F7-3DE1-4015-BE88-91AD474F178D}
	EndGlobalSection
EndGlobal
