
Microsoft Visual Studio Solution File, Format Version 12.00
# Visual Studio Version 16
VisualStudioVersion = 16.0.30907.101
MinimumVisualStudioVersion = 10.0.40219.1
Project("{9A19103F-16F7-4668-BE54-9A1E7A4F7556}") = "CasaDoCodigo", "CasaDoCodigo\CasaDoCodigo.csproj", "{51406AD3-DFD6-4586-92EA-8B9BC03DF9A8}"
EndProject
Project("{9A19103F-16F7-4668-BE54-9A1E7A4F7556}") = "CasaDoCodigo.RelatorioWebAPI", "CasaDoCodigo.RelatorioWebAPI\CasaDoCodigo.RelatorioWebAPI.csproj", "{62216F58-4C35-46F9-A715-76D2E7767789}"
EndProject
Project("{9A19103F-16F7-4668-BE54-9A1E7A4F7556}") = "CasaDoCodigo.IdentityServer", "CasaDoCodigo.IdentityServer\CasaDoCodigo.IdentityServer.csproj", "{2DED1073-5AAD-4529-9EAE-B3EF4B1C1820}"
EndProject
Global
	GlobalSection(SolutionConfigurationPlatforms) = preSolution
		Debug|Any CPU = Debug|Any CPU
		Release|Any CPU = Release|Any CPU
	EndGlobalSection
	GlobalSection(ProjectConfigurationPlatforms) = postSolution
		{51406AD3-DFD6-4586-92EA-8B9BC03DF9A8}.Debug|Any CPU.ActiveCfg = Debug|Any CPU
		{51406AD3-DFD6-4586-92EA-8B9BC03DF9A8}.Debug|Any CPU.Build.0 = Debug|Any CPU
		{51406AD3-DFD6-4586-92EA-8B9BC03DF9A8}.Release|Any CPU.ActiveCfg = Release|Any CPU
		{51406AD3-DFD6-4586-92EA-8B9BC03DF9A8}.Release|Any CPU.Build.0 = Release|Any CPU
		{62216F58-4C35-46F9-A715-76D2E7767789}.Debug|Any CPU.ActiveCfg = Debug|Any CPU
		{62216F58-4C35-46F9-A715-76D2E7767789}.Debug|Any CPU.Build.0 = Debug|Any CPU
		{62216F58-4C35-46F9-A715-76D2E7767789}.Release|Any CPU.ActiveCfg = Release|Any CPU
		{62216F58-4C35-46F9-A715-76D2E7767789}.Release|Any CPU.Build.0 = Release|Any CPU
		{2DED1073-5AAD-4529-9EAE-B3EF4B1C1820}.Debug|Any CPU.ActiveCfg = Debug|Any CPU
		{2DED1073-5AAD-4529-9EAE-B3EF4B1C1820}.Debug|Any CPU.Build.0 = Debug|Any CPU
		{2DED1073-5AAD-4529-9EAE-B3EF4B1C1820}.Release|Any CPU.ActiveCfg = Release|Any CPU
		{2DED1073-5AAD-4529-9EAE-B3EF4B1C1820}.Release|Any CPU.Build.0 = Release|Any CPU
	EndGlobalSection
	GlobalSection(SolutionProperties) = preSolution
		HideSolutionNode = FALSE
	EndGlobalSection
	GlobalSection(ExtensibilityGlobals) = postSolution
		SolutionGuid = {A52E3C43-B011-4A7A-8489-ED8109D82BCF}
	EndGlobalSection
EndGlobal
